<?xml version="1.0" encoding="utf-8"?>
<Project ToolsVersion="4.0" xmlns="http://schemas.microsoft.com/developer/msbuild/2003">
  <ItemGroup>
    <Filter Include="Quelldateien">
      <UniqueIdentifier>{4FC737F1-C7A5-4376-A066-2A32D752A2FF}</UniqueIdentifier>
      <Extensions>cpp;c;cc;cxx;def;odl;idl;hpj;bat;asm;asmx</Extensions>
    </Filter>
    <Filter Include="Headerdateien">
      <UniqueIdentifier>{93995380-89BD-4b04-88EB-625FBE52EBFB}</UniqueIdentifier>
      <Extensions>h;hh;hpp;hxx;hm;inl;inc;xsd</Extensions>
    </Filter>
    <Filter Include="Ressourcendateien">
      <UniqueIdentifier>{67DA6AB6-F800-4c08-8B7A-83BB121AAD01}</UniqueIdentifier>
      <Extensions>rc;ico;cur;bmp;dlg;rc2;rct;bin;rgs;gif;jpg;jpeg;jpe;resx;tiff;tif;png;wav;mfcribbon-ms</Extensions>
    </Filter>
  </ItemGroup>
  <ItemGroup>
    <ClInclude Include="Util\Globals.h">
      <Filter>Headerdateien</Filter>
    </ClInclude>
    <ClInclude Include="Util\Timer.h">
      <Filter>Headerdateien</Filter>
    </ClInclude>
    <ClInclude Include="Graphics\Direct3D.h">
      <Filter>Headerdateien</Filter>
    </ClInclude>
    <ClInclude Include="IGameWindow.h">
      <Filter>Headerdateien</Filter>
    </ClInclude>
    <ClInclude Include="Input\Input.h">
      <Filter>Headerdateien</Filter>
    </ClInclude>
    <ClInclude Include="IGameState.h">
      <Filter>Headerdateien</Filter>
    </ClInclude>
    <ClInclude Include="GameStateManager.h">
      <Filter>Headerdateien</Filter>
    </ClInclude>
    <ClInclude Include="Graphics\Shader\IShader.h">
      <Filter>Headerdateien</Filter>
    </ClInclude>
    <ClInclude Include="Graphics\Shader\TextureShader.h">
      <Filter>Headerdateien</Filter>
    </ClInclude>
    <ClInclude Include="Graphics\Shader\ShaderManager.h">
      <Filter>Headerdateien</Filter>
    </ClInclude>
    <ClInclude Include="Graphics\Camera.h">
      <Filter>Headerdateien</Filter>
    </ClInclude>
    <ClInclude Include="Graphics\2D\Texture.h">
      <Filter>Headerdateien</Filter>
    </ClInclude>
    <ClInclude Include="Graphics\2D\Sprite.h">
      <Filter>Headerdateien</Filter>
    </ClInclude>
  </ItemGroup>
  <ItemGroup>
    <ClCompile Include="Util\Globals.cpp">
      <Filter>Quelldateien</Filter>
    </ClCompile>
    <ClCompile Include="Util\Timer.cpp">
      <Filter>Quelldateien</Filter>
    </ClCompile>
    <ClCompile Include="IGameWindow.cpp">
      <Filter>Quelldateien</Filter>
    </ClCompile>
    <ClCompile Include="Graphics\Direct3D.cpp">
      <Filter>Quelldateien</Filter>
    </ClCompile>
    <ClCompile Include="Input\Input.cpp">
      <Filter>Quelldateien</Filter>
    </ClCompile>
    <ClCompile Include="IGameState.cpp">
      <Filter>Quelldateien</Filter>
    </ClCompile>
    <ClCompile Include="GameStateManager.cpp">
      <Filter>Quelldateien</Filter>
    </ClCompile>
    <ClCompile Include="Graphics\Shader\IShader.cpp">
      <Filter>Quelldateien</Filter>
    </ClCompile>
    <ClCompile Include="Graphics\Shader\TextureShader.cpp">
      <Filter>Quelldateien</Filter>
    </ClCompile>
    <ClCompile Include="Graphics\Shader\ShaderManager.cpp">
      <Filter>Quelldateien</Filter>
    </ClCompile>
    <ClCompile Include="Graphics\Camera.cpp">
      <Filter>Quelldateien</Filter>
    </ClCompile>
    <ClCompile Include="Graphics\2D\Texture.cpp">
      <Filter>Quelldateien</Filter>
    </ClCompile>
    <ClCompile Include="Graphics\2D\Sprite.cpp">
      <Filter>Quelldateien</Filter>
    </ClCompile>
  </ItemGroup>
  <ItemGroup>
    <FxCompile Include="Data\Shader\TextureShader\VertexShader.hlsl" />
    <FxCompile Include="Data\Shader\TextureShader\PixelShader.hlsl" />
  </ItemGroup>
  <ItemGroup>
    <None Include="Data\Shader\TextureShader\Header.hlsli" />
  </ItemGroup>
</Project>